buf.build/gen/go/bufbuild/bufplugin/protocolbuffers/go v1.36.12-20261002170247-538130002972.2 h1:nNNsSGs3l9F8q4NfHaIa8RdGfucw957dlFuNf9Z3H/w=
buf.build/gen/go/bufbuild/bufplugin/protocolbuffers/go v1.36.12-20261002170247-538130002972.2/go.mod h1:Owcuj2phVyvThVYCD74iSV8ki0dAXw/uxkdcdZScdCc=
buf.build/gen/go/bufbuild/protovalidate/protocolbuffers/go v1.36.12-20260825204119-511051f7f437.1 h1:Slv0uGxx219srASyiaI5C9cDlyG8kNDcXpTSYcuAeE4=
buf.build/gen/go/bufbuild/protovalidate/protocolbuffers/go v1.36.12-20260825204119-511051f7f437.1/go.mod h1:TCt1lluMFnctISJXvkIQ4x3ABrPuUKCWKyjKdkJNBpw=
buf.build/gen/go/pluginrpc/pluginrpc/protocolbuffers/go v1.36.12-20241007202033-cf42259fcbfc.2 h1:9xw8g8Q6zHLC7CO/jtpl2UK0kQticxIG+mI6N86f2/M=
buf.build/gen/go/pluginrpc/pluginrpc/protocolbuffers/go v1.36.12-20241007202033-cf42259fcbfc.2/go.mod h1:+0bw+k8FY5MU3tojFh33HeA5xMfGWjAUQpr+maW5Z3o=
buf.build/go/protovalidate v1.1.3 h1:m2GVEgQWd7rk+vIoAZ+f0ygGjvQTuqPQapBBdcpWVPE=
buf.build/go/protovalidate v1.1.3/go.mod h1:9XIuohWz+kj+9JVn3WQneHA5LZP50mjvneZMnbLkiIE=
buf.build/go/spdx v0.2.0 h1:IItqM0/cMxvFJJumcBuP8NrsIzMs/UYjp/6WSpq8LTw=
buf.build/go/spdx v0.2.0/go.mod h1:bXdwQFem9Si3nsbNy8aJKGPoaPi5DKwdeEp5/ArZ6w8=
cel.dev/expr v0.25.1 h1:1KrZg61W6TWSxuNZ37Xy49ps13NUovb66QLprthtwi4=
cel.dev/expr v0.25.1/go.mod h1:hrXvqGP6G6gyx8UAHSHJ5RGk//1Oj5nXQ2NI02Nrsg4=
github.com/antlr4-go/antlr/v4 v4.13.1 h1:SqQKkuVZ+zWkMMNkjy5FZe5mr5WURWnlpmOuzYWrPrQ=
github.com/antlr4-go/antlr/v4 v4.13.1/go.mod h1:GKmUxMtwp6ZgGwZSva4eWPC5mS6vUAmOABFgjdkM7Nw=
github.com/brianvoe/gofakeit/v6 v6.28.0 h1:Xib46XXuQfmlLS2EXRuJpqcw8St6qSZz75OUo0tgAW4=
github.com/brianvoe/gofakeit/v6 v6.28.0/go.mod h1:Xj58BMSnFqcn/fAQeSK+/PLtC5kSb7FJIq4JyGa8vEs=
github.com/bufbuild/protocompile v0.14.1 h1:iA73zAf/fyljNjQKwYzUHD6AD4R8KMasmwa/FBatYVw=
github.com/bufbuild/protocompile v0.14.1/go.mod h1:ppVdAIhbr2H8asPk6k4pY7t9zB1OU5DoEw9xY/FUi1c=
github.com/google/cel-go v0.29.0 h1:fEG+Ja3YRwNOqnQxTyJwoByAUAvTuxUGiro/jhrm4F4=
github.com/google/cel-go v0.29.0/go.mod h1:X0bD6iVNR8pkROSOoHVdgTkzmRcosof7WQqCD6wcMc8=
github.com/google/go-cmp v0.7.0 h1:wk8382ETsv4JYUZwIsn6YpYiWiBsYLSJiTsyBybVuN8=
github.com/google/go-cmp v0.7.0/go.mod h1:pXiqmnSA92OHEEa9HXL2W4E7lf9JzCmGVUdgjX3N/iU=
github.com/mattn/go-isatty v0.0.24 h1:tGZZoVgT/KiqK1c8ocVLeDS8BSWMRd47J3Lbz7vsReI=
github.com/mattn/go-isatty v0.0.24/go.mod h1:nMCL3Zebbrt45jsMDgnfIwz6ydEQApk5oEI3HqDio6A=
github.com/rodaine/protogofakeit v0.1.1 h1:ZKouljuRM3A+TArppfBqnH8tGZHOwM/pjvtXe9DaXH8=
github.com/rodaine/protogofakeit v0.1.1/go.mod h1:pXn/AstBYMaSfc1/RqH3N82pBuxtWgejz1AlYpY1mI0=
github.com/spf13/pflag v1.0.10 h1:4EBh2KAYBwaONj6b2Ye1GiHfwjqyROoF4RwYO+vPwFk=
github.com/spf13/pflag v1.0.10/go.mod h1:McXfInJRrz4CZXVZOBLb0bTZqETkiAhM9Iw0y3An2Bg=
github.com/stretchr/testify v1.12.1 h1:EuwCh5fleGS7H32xRwO3wRGT7DxrDhLAT6FF8MpWDWE=
github.com/stretchr/testify v1.12.1/go.mod h1:MDEgiDPPsNp5cuIrHPPCyornHKgEVbtFUmoNlxoYthg=
go.yaml.in/yaml/v3 v3.0.5 h1:N6y/pJk8buWs9NY5ERU2HSMfm+IuD/OtfdAnq6kESPw=
go.yaml.in/yaml/v3 v3.0.5/go.mod h1:HVTZu1O7/Vkt2N+BFy8Zza+lnLsABggaTM2ZpNIGuKg=
golang.org/x/exp v0.0.0-20250813145105-42675adae3e6 h1:SbTAbRFnd5kjQXbczszQ0hdk3ctwYf3qBNH9jIsGclE=
golang.org/x/exp v0.0.0-20250813145105-42675adae3e6/go.mod h1:4QTo5u+SEIbbKW1RacMZq1YEfOBqeXa19JeshGi+zc4=
golang.org/x/sync v0.16.0 h1:ycBJEhp9p4vXvUZNszeOq0kGTPghopOL8q0fq3vstxw=
golang.org/x/sync v0.16.0/go.mod h1:1dzgHSNfp02xaA81J2MS99Qcpr2w7fw1gpm99rleRqA=
golang.org/x/sys v0.47.0 h1:o7XGOvZQCADBQQ4Y7VNq2dRWQR7JmOUW8Kxx4ZsNgWs=
golang.org/x/sys v0.47.0/go.mod h1:4GL1E5IUh+htKOUEOaiffhrAeqysfVGipDYzABqnCmw=
golang.org/x/text v0.28.0 h1:rhazDwis8INMIwQ4tpjLDzUhx6RlXqZNPEM0huQojng=
golang.org/x/text v0.28.0/go.mod h1:U8nCwOR8jO/marOQ0QbDiOngZVEBB7MAiitBuMjXiNU=
google.golang.org/genproto/googleapis/api v0.0.0-20250811230008-5f3141c8851a h1:DMCgtIAIQGZqJXMVzJF4MV8BlWoJh2ZuFiRdAleyr58=
google.golang.org/genproto/googleapis/api v0.0.0-20250811230008-5f3141c8851a/go.mod h1:y2yVLIE/CSMCPXaHnSKXxu1spLPnglFLegmgdY23uuE=
google.golang.org/genproto/googleapis/rpc v0.0.0-20250811230008-5f3141c8851a h1:tPE/Kp+x9dMSwUm/uM0JKK0IfdiJkwAbSMSeZBXXJXc=
google.golang.org/genproto/googleapis/rpc v0.0.0-20250811230008-5f3141c8851a/go.mod h1:gw1tLEfykwDz2ET4a12jcXt4couGAm7IwsVaTy0Sflo=
google.golang.org/protobuf v1.36.12 h1:pJOKDDOyeXErUroCihFAd5LQuwXBSpVnKGrj5o/fwxc=
google.golang.org/protobuf v1.36.12/go.mod h1:HTf+CrKn2C3g5S8VImy6tdcUvCska2kB7j23XfzDpco=
pluginrpc.com/pluginrpc v0.6.0 h1:Dx5r3y9Nbbt02NSm+bKHvs+WgXM34lalD5grkjd8sno=
pluginrpc.com/pluginrpc v0.6.0/go.mod h1:9FPMdIy8nmkALE5eSe2ipE42G83WpZnA2+I7M7ADijY=
